
Microsoft Visual Studio Solution File, Format Version 12.00
# Visual Studio Version 17
VisualStudioVersion = 17.0.31903.59
MinimumVisualStudioVersion = 10.0.40219.1
Project("{9A19103F-16F7-4668-BE54-9A1E7A4F7556}") = "SaiyanTails", "SaiyanTails.csproj", "{2002FA95-2B0E-4B09-9251-70A0D24B7C12}"
EndProject
Global
	GlobalSection(SolutionConfigurationPlatforms) = preSolution
		Debug|Any CPU = Debug|Any CPU
		Debug|x64 = Debug|x64
		Release|Any CPU = Release|Any CPU
		Release|x64 = Release|x64
	EndGlobalSection
	GlobalSection(ProjectConfigurationPlatforms) = postSolution
		{2002FA95-2B0E-4B09-9251-70A0D24B7C12}.Debug|Any CPU.ActiveCfg = Debug|x64
		{2002FA95-2B0E-4B09-9251-70A0D24B7C12}.Debug|Any CPU.Build.0 = Debug|x64
		{2002FA95-2B0E-4B09-9251-70A0D24B7C12}.Debug|x64.ActiveCfg = Debug|x64
		{2002FA95-2B0E-4B09-9251-70A0D24B7C12}.Debug|x64.Build.0 = Debug|x64
		{2002FA95-2B0E-4B09-9251-70A0D24B7C12}.Release|Any CPU.ActiveCfg = Release|Any CPU
		{2002FA95-2B0E-4B09-9251-70A0D24B7C12}.Release|Any CPU.Build.0 = Release|Any CPU
		{2002FA95-2B0E-4B09-9251-70A0D24B7C12}.Release|x64.ActiveCfg = Release|x64
		{2002FA95-2B0E-4B09-9251-70A0D24B7C12}.Release|x64.Build.0 = Release|x64
	EndGlobalSection
	GlobalSection(SolutionProperties) = preSolution
		HideSolutionNode = FALSE
	EndGlobalSection
	GlobalSection(ExtensibilityGlobals) = postSolution
		SolutionGuid = {8EB9DF40-4612-4C14-89B2-B3C231CAAA36}
	EndGlobalSection
EndGlobal
